// !$*UTF8*$!
{
	archiveVersion = 1;
	classes = {
	};
	objectVersion = 56;
	objects = {

/* Begin PBXBuildFile section */
		B789E3D52CF6004200CB164B /* MovieService.swift in Sources */ = {isa = PBXBuildFile; fileRef = B789E3D42CF6004200CB164B /* MovieService.swift */; };
		B79486022CFB4F640085C202 /* FirebaseAnalytics in Frameworks */ = {isa = PBXBuildFile; productRef = B79486012CFB4F640085C202 /* FirebaseAnalytics */; };
		B79486042CFB4F640085C202 /* FirebaseAnalyticsOnDeviceConversion in Frameworks */ = {isa = PBXBuildFile; productRef = B79486032CFB4F640085C202 /* FirebaseAnalyticsOnDeviceConversion */; };
		B79486062CFB4F640085C202 /* FirebaseAnalyticsWithoutAdIdSupport in Frameworks */ = {isa = PBXBuildFile; productRef = B79486052CFB4F640085C202 /* FirebaseAnalyticsWithoutAdIdSupport */; };
		B79486082CFB4F640085C202 /* FirebaseAppCheck in Frameworks */ = {isa = PBXBuildFile; productRef = B79486072CFB4F640085C202 /* FirebaseAppCheck */; };
		B794860A2CFB4F640085C202 /* FirebaseAppDistribution-Beta in Frameworks */ = {isa = PBXBuildFile; productRef = B79486092CFB4F640085C202 /* FirebaseAppDistribution-Beta */; };
		B794860E2CFB511B0085C202 /* GoogleService-Info.plist in Resources */ = {isa = PBXBuildFile; fileRef = B794860D2CFB511B0085C202 /* GoogleService-Info.plist */; };
		B79486102CFB52890085C202 /* LoginView.swift in Sources */ = {isa = PBXBuildFile; fileRef = B794860F2CFB52890085C202 /* LoginView.swift */; };
		B79486122CFB55810085C202 /* FirebaseAnalytics in Frameworks */ = {isa = PBXBuildFile; productRef = B79486112CFB55810085C202 /* FirebaseAnalytics */; };
		B79486142CFB55810085C202 /* FirebaseAnalyticsOnDeviceConversion in Frameworks */ = {isa = PBXBuildFile; productRef = B79486132CFB55810085C202 /* FirebaseAnalyticsOnDeviceConversion */; };
		B79486162CFB55810085C202 /* FirebaseAnalyticsWithoutAdIdSupport in Frameworks */ = {isa = PBXBuildFile; productRef = B79486152CFB55810085C202 /* FirebaseAnalyticsWithoutAdIdSupport */; };
		B79486182CFB55810085C202 /* FirebaseAppCheck in Frameworks */ = {isa = PBXBuildFile; productRef = B79486172CFB55810085C202 /* FirebaseAppCheck */; };
		B794861A2CFB55810085C202 /* FirebaseAppDistribution-Beta in Frameworks */ = {isa = PBXBuildFile; productRef = B79486192CFB55810085C202 /* FirebaseAppDistribution-Beta */; };
		B794861C2CFB55810085C202 /* FirebaseAuth in Frameworks */ = {isa = PBXBuildFile; productRef = B794861B2CFB55810085C202 /* FirebaseAuth */; };
		B794861E2CFB55810085C202 /* FirebaseAuthCombine-Community in Frameworks */ = {isa = PBXBuildFile; productRef = B794861D2CFB55810085C202 /* FirebaseAuthCombine-Community */; };
		B79486202CFB55810085C202 /* FirebaseCore in Frameworks */ = {isa = PBXBuildFile; productRef = B794861F2CFB55810085C202 /* FirebaseCore */; };
		B79486222CFB575D0085C202 /* RegisterView.swift in Sources */ = {isa = PBXBuildFile; fileRef = B79486212CFB575D0085C202 /* RegisterView.swift */; };
		B79B50BE2CECC39300876EB5 /* MealsAppApp.swift in Sources */ = {isa = PBXBuildFile; fileRef = B79B50BD2CECC39300876EB5 /* MealsAppApp.swift */; };
		B79B50C02CECC39300876EB5 /* ContentView.swift in Sources */ = {isa = PBXBuildFile; fileRef = B79B50BF2CECC39300876EB5 /* ContentView.swift */; };
		B79B50C22CECC39400876EB5 /* Assets.xcassets in Resources */ = {isa = PBXBuildFile; fileRef = B79B50C12CECC39400876EB5 /* Assets.xcassets */; };
		B79B50C52CECC39400876EB5 /* Preview Assets.xcassets in Resources */ = {isa = PBXBuildFile; fileRef = B79B50C42CECC39400876EB5 /* Preview Assets.xcassets */; };
		B79B50D02CECC4DC00876EB5 /* APIResponse.swift in Sources */ = {isa = PBXBuildFile; fileRef = B79B50CF2CECC4DC00876EB5 /* APIResponse.swift */; };
		B79B50D22CECC7A000876EB5 /* CategoryListView.swift in Sources */ = {isa = PBXBuildFile; fileRef = B79B50D12CECC7A000876EB5 /* CategoryListView.swift */; };
		B79B50D42CECC7CB00876EB5 /* CategoryListViewModel.swift in Sources */ = {isa = PBXBuildFile; fileRef = B79B50D32CECC7CB00876EB5 /* CategoryListViewModel.swift */; };
		B79B50D72CECD59300876EB5 /* HttpRequestHelper.swift in Sources */ = {isa = PBXBuildFile; fileRef = B79B50D62CECD59300876EB5 /* HttpRequestHelper.swift */; };
		B79B50D92CECDD0C00876EB5 /* CategoryService.swift in Sources */ = {isa = PBXBuildFile; fileRef = B79B50D82CECDD0C00876EB5 /* CategoryService.swift */; };
/* End PBXBuildFile section */

/* Begin PBXFileReference section */
		B789E3D42CF6004200CB164B /* MovieService.swift */ = {isa = PBXFileReference; lastKnownFileType = sourcecode.swift; path = MovieService.swift; sourceTree = "<group>"; };
		B794860D2CFB511B0085C202 /* GoogleService-Info.plist */ = {isa = PBXFileReference; fileEncoding = 4; lastKnownFileType = text.plist.xml; path = "GoogleService-Info.plist"; sourceTree = "<group>"; };
		B794860F2CFB52890085C202 /* LoginView.swift */ = {isa = PBXFileReference; lastKnownFileType = sourcecode.swift; path = LoginView.swift; sourceTree = "<group>"; };
		B79486212CFB575D0085C202 /* RegisterView.swift */ = {isa = PBXFileReference; lastKnownFileType = sourcecode.swift; path = RegisterView.swift; sourceTree = "<group>"; };
		B79B50BA2CECC39300876EB5 /* MealsApp.app */ = {isa = PBXFileReference; explicitFileType = wrapper.application; includeInIndex = 0; path = MealsApp.app; sourceTree = BUILT_PRODUCTS_DIR; };
		B79B50BD2CECC39300876EB5 /* MealsAppApp.swift */ = {isa = PBXFileReference; lastKnownFileType = sourcecode.swift; path = MealsAppApp.swift; sourceTree = "<group>"; };
		B79B50BF2CECC39300876EB5 /* ContentView.swift */ = {isa = PBXFileReference; lastKnownFileType = sourcecode.swift; path = ContentView.swift; sourceTree = "<group>"; };
		B79B50C12CECC39400876EB5 /* Assets.xcassets */ = {isa = PBXFileReference; lastKnownFileType = folder.assetcatalog; path = Assets.xcassets; sourceTree = "<group>"; };
		B79B50C42CECC39400876EB5 /* Preview Assets.xcassets */ = {isa = PBXFileReference; lastKnownFileType = folder.assetcatalog; path = "Preview Assets.xcassets"; sourceTree = "<group>"; };
		B79B50CF2CECC4DC00876EB5 /* APIResponse.swift */ = {isa = PBXFileReference; lastKnownFileType = sourcecode.swift; path = APIResponse.swift; sourceTree = "<group>"; };
		B79B50D12CECC7A000876EB5 /* CategoryListView.swift */ = {isa = PBXFileReference; lastKnownFileType = sourcecode.swift; path = CategoryListView.swift; sourceTree = "<group>"; };
		B79B50D32CECC7CB00876EB5 /* CategoryListViewModel.swift */ = {isa = PBXFileReference; lastKnownFileType = sourcecode.swift; path = CategoryListViewModel.swift; sourceTree = "<group>"; };
		B79B50D62CECD59300876EB5 /* HttpRequestHelper.swift */ = {isa = PBXFileReference; lastKnownFileType = sourcecode.swift; path = HttpRequestHelper.swift; sourceTree = "<group>"; };
		B79B50D82CECDD0C00876EB5 /* CategoryService.swift */ = {isa = PBXFileReference; lastKnownFileType = sourcecode.swift; path = CategoryService.swift; sourceTree = "<group>"; };
/* End PBXFileReference section */

/* Begin PBXFrameworksBuildPhase section */
		B79B50B72CECC39300876EB5 /* Frameworks */ = {
			isa = PBXFrameworksBuildPhase;
			buildActionMask = 2147483647;
			files = (
				B79486082CFB4F640085C202 /* FirebaseAppCheck in Frameworks */,
				B79486022CFB4F640085C202 /* FirebaseAnalytics in Frameworks */,
				B79486122CFB55810085C202 /* FirebaseAnalytics in Frameworks */,
				B79486142CFB55810085C202 /* FirebaseAnalyticsOnDeviceConversion in Frameworks */,
				B794860A2CFB4F640085C202 /* FirebaseAppDistribution-Beta in Frameworks */,
				B79486062CFB4F640085C202 /* FirebaseAnalyticsWithoutAdIdSupport in Frameworks */,
				B79486042CFB4F640085C202 /* FirebaseAnalyticsOnDeviceConversion in Frameworks */,
				B794861E2CFB55810085C202 /* FirebaseAuthCombine-Community in Frameworks */,
				B79486202CFB55810085C202 /* FirebaseCore in Frameworks */,
				B794861C2CFB55810085C202 /* FirebaseAuth in Frameworks */,
				B794861A2CFB55810085C202 /* FirebaseAppDistribution-Beta in Frameworks */,
				B79486182CFB55810085C202 /* FirebaseAppCheck in Frameworks */,
				B79486162CFB55810085C202 /* FirebaseAnalyticsWithoutAdIdSupport in Frameworks */,
			);
			runOnlyForDeploymentPostprocessing = 0;
		};
/* End PBXFrameworksBuildPhase section */

/* Begin PBXGroup section */
		B79B50B12CECC39300876EB5 = {
			isa = PBXGroup;
			children = (
				B79B50BC2CECC39300876EB5 /* MealsApp */,
				B79B50BB2CECC39300876EB5 /* Products */,
			);
			sourceTree = "<group>";
		};
		B79B50BB2CECC39300876EB5 /* Products */ = {
			isa = PBXGroup;
			children = (
				B79B50BA2CECC39300876EB5 /* MealsApp.app */,
			);
			name = Products;
			sourceTree = "<group>";
		};
		B79B50BC2CECC39300876EB5 /* MealsApp */ = {
			isa = PBXGroup;
			children = (
				B794860D2CFB511B0085C202 /* GoogleService-Info.plist */,
				B79B50D52CECC80A00876EB5 /* view */,
				B79B50CE2CECC3EE00876EB5 /* Helpers */,
				B79B50CD2CECC3E300876EB5 /* Services */,
				B79B50CC2CECC3D900876EB5 /* Models */,
				B79B50CB2CECC3CC00876EB5 /* ViewModels */,
				B79B50BD2CECC39300876EB5 /* MealsAppApp.swift */,
				B79B50BF2CECC39300876EB5 /* ContentView.swift */,
				B79B50C12CECC39400876EB5 /* Assets.xcassets */,
				B79B50C32CECC39400876EB5 /* Preview Content */,
			);
			path = MealsApp;
			sourceTree = "<group>";
		};
		B79B50C32CECC39400876EB5 /* Preview Content */ = {
			isa = PBXGroup;
			children = (
				B79B50C42CECC39400876EB5 /* Preview Assets.xcassets */,
			);
			path = "Preview Content";
			sourceTree = "<group>";
		};
		B79B50CB2CECC3CC00876EB5 /* ViewModels */ = {
			isa = PBXGroup;
			children = (
				B79B50D32CECC7CB00876EB5 /* CategoryListViewModel.swift */,
			);
			path = ViewModels;
			sourceTree = "<group>";
		};
		B79B50CC2CECC3D900876EB5 /* Models */ = {
			isa = PBXGroup;
			children = (
				B79B50CF2CECC4DC00876EB5 /* APIResponse.swift */,
			);
			path = Models;
			sourceTree = "<group>";
		};
		B79B50CD2CECC3E300876EB5 /* Services */ = {
			isa = PBXGroup;
			children = (
				B79B50D82CECDD0C00876EB5 /* CategoryService.swift */,
				B789E3D42CF6004200CB164B /* MovieService.swift */,
			);
			path = Services;
			sourceTree = "<group>";
		};
		B79B50CE2CECC3EE00876EB5 /* Helpers */ = {
			isa = PBXGroup;
			children = (
				B79B50D62CECD59300876EB5 /* HttpRequestHelper.swift */,
			);
			path = Helpers;
			sourceTree = "<group>";
		};
		B79B50D52CECC80A00876EB5 /* view */ = {
			isa = PBXGroup;
			children = (
				B79B50D12CECC7A000876EB5 /* CategoryListView.swift */,
				B794860F2CFB52890085C202 /* LoginView.swift */,
				B79486212CFB575D0085C202 /* RegisterView.swift */,
			);
			path = view;
			sourceTree = "<group>";
		};
/* End PBXGroup section */

/* Begin PBXNativeTarget section */
		B79B50B92CECC39300876EB5 /* MealsApp */ = {
			isa = PBXNativeTarget;
			buildConfigurationList = B79B50C82CECC39400876EB5 /* Build configuration list for PBXNativeTarget "MealsApp" */;
			buildPhases = (
				B79B50B62CECC39300876EB5 /* Sources */,
				B79B50B72CECC39300876EB5 /* Frameworks */,
				B79B50B82CECC39300876EB5 /* Resources */,
			);
			buildRules = (
			);
			dependencies = (
			);
			name = MealsApp;
			packageProductDependencies = (
				B79486012CFB4F640085C202 /* FirebaseAnalytics */,
				B79486032CFB4F640085C202 /* FirebaseAnalyticsOnDeviceConversion */,
				B79486052CFB4F640085C202 /* FirebaseAnalyticsWithoutAdIdSupport */,
				B79486072CFB4F640085C202 /* FirebaseAppCheck */,
				B79486092CFB4F640085C202 /* FirebaseAppDistribution-Beta */,
				B79486112CFB55810085C202 /* FirebaseAnalytics */,
				B79486132CFB55810085C202 /* FirebaseAnalyticsOnDeviceConversion */,
				B79486152CFB55810085C202 /* FirebaseAnalyticsWithoutAdIdSupport */,
				B79486172CFB55810085C202 /* FirebaseAppCheck */,
				B79486192CFB55810085C202 /* FirebaseAppDistribution-Beta */,
				B794861B2CFB55810085C202 /* FirebaseAuth */,
				B794861D2CFB55810085C202 /* FirebaseAuthCombine-Community */,
				B794861F2CFB55810085C202 /* FirebaseCore */,
			);
			productName = MealsApp;
			productReference = B79B50BA2CECC39300876EB5 /* MealsApp.app */;
			productType = "com.apple.product-type.application";
		};
/* End PBXNativeTarget section */

/* Begin PBXProject section */
		B79B50B22CECC39300876EB5 /* Project object */ = {
			isa = PBXProject;
			attributes = {
				BuildIndependentTargetsInParallel = 1;
				LastSwiftUpdateCheck = 1520;
				LastUpgradeCheck = 1520;
				TargetAttributes = {
					B79B50B92CECC39300876EB5 = {
						CreatedOnToolsVersion = 15.2;
					};
				};
			};
			buildConfigurationList = B79B50B52CECC39300876EB5 /* Build configuration list for PBXProject "MealsApp" */;
			compatibilityVersion = "Xcode 14.0";
			developmentRegion = en;
			hasScannedForEncodings = 0;
			knownRegions = (
				en,
				Base,
			);
			mainGroup = B79B50B12CECC39300876EB5;
			packageReferences = (
				B79486002CFB4F640085C202 /* XCRemoteSwiftPackageReference "firebase-ios-sdk" */,
			);
			productRefGroup = B79B50BB2CECC39300876EB5 /* Products */;
			projectDirPath = "";
			projectRoot = "";
			targets = (
				B79B50B92CECC39300876EB5 /* MealsApp */,
			);
		};
/* End PBXProject section */

/* Begin PBXResourcesBuildPhase section */
		B79B50B82CECC39300876EB5 /* Resources */ = {
			isa = PBXResourcesBuildPhase;
			buildActionMask = 2147483647;
			files = (
				B79B50C52CECC39400876EB5 /* Preview Assets.xcassets in Resources */,
				B79B50C22CECC39400876EB5 /* Assets.xcassets in Resources */,
				B794860E2CFB511B0085C202 /* GoogleService-Info.plist in Resources */,
			);
			runOnlyForDeploymentPostprocessing = 0;
		};
/* End PBXResourcesBuildPhase section */

/* Begin PBXSourcesBuildPhase section */
		B79B50B62CECC39300876EB5 /* Sources */ = {
			isa = PBXSourcesBuildPhase;
			buildActionMask = 2147483647;
			files = (
				B79B50C02CECC39300876EB5 /* ContentView.swift in Sources */,
				B79486222CFB575D0085C202 /* RegisterView.swift in Sources */,
				B79B50D72CECD59300876EB5 /* HttpRequestHelper.swift in Sources */,
				B79B50BE2CECC39300876EB5 /* MealsAppApp.swift in Sources */,
				B79486102CFB52890085C202 /* LoginView.swift in Sources */,
				B79B50D92CECDD0C00876EB5 /* CategoryService.swift in Sources */,
				B79B50D22CECC7A000876EB5 /* CategoryListView.swift in Sources */,
				B79B50D02CECC4DC00876EB5 /* APIResponse.swift in Sources */,
				B789E3D52CF6004200CB164B /* MovieService.swift in Sources */,
				B79B50D42CECC7CB00876EB5 /* CategoryListViewModel.swift in Sources */,
			);
			runOnlyForDeploymentPostprocessing = 0;
		};
/* End PBXSourcesBuildPhase section */

/* Begin XCBuildConfiguration section */
		B79B50C62CECC39400876EB5 /* Debug */ = {
			isa = XCBuildConfiguration;
			buildSettings = {
				ALWAYS_SEARCH_USER_PATHS = NO;
				ASSETCATALOG_COMPILER_GENERATE_SWIFT_ASSET_SYMBOL_EXTENSIONS = YES;
				CLANG_ANALYZER_NONNULL = YES;
				CLANG_ANALYZER_NUMBER_OBJECT_CONVERSION = YES_AGGRESSIVE;
				CLANG_CXX_LANGUAGE_STANDARD = "gnu++20";
				CLANG_ENABLE_MODULES = YES;
				CLANG_ENABLE_OBJC_ARC = YES;
				CLANG_ENABLE_OBJC_WEAK = YES;
				CLANG_WARN_BLOCK_CAPTURE_AUTORELEASING = YES;
				CLANG_WARN_BOOL_CONVERSION = YES;
				CLANG_WARN_COMMA = YES;
				CLANG_WARN_CONSTANT_CONVERSION = YES;
				CLANG_WARN_DEPRECATED_OBJC_IMPLEMENTATIONS = YES;
				CLANG_WARN_DIRECT_OBJC_ISA_USAGE = YES_ERROR;
				CLANG_WARN_DOCUMENTATION_COMMENTS = YES;
				CLANG_WARN_EMPTY_BODY = YES;
				CLANG_WARN_ENUM_CONVERSION = YES;
				CLANG_WARN_INFINITE_RECURSION = YES;
				CLANG_WARN_INT_CONVERSION = YES;
				CLANG_WARN_NON_LITERAL_NULL_CONVERSION = YES;
				CLANG_WARN_OBJC_IMPLICIT_RETAIN_SELF = YES;
				CLANG_WARN_OBJC_LITERAL_CONVERSION = YES;
				CLANG_WARN_OBJC_ROOT_CLASS = YES_ERROR;
				CLANG_WARN_QUOTED_INCLUDE_IN_FRAMEWORK_HEADER = YES;
				CLANG_WARN_RANGE_LOOP_ANALYSIS = YES;
				CLANG_WARN_STRICT_PROTOTYPES = YES;
				CLANG_WARN_SUSPICIOUS_MOVE = YES;
				CLANG_WARN_UNGUARDED_AVAILABILITY = YES_AGGRESSIVE;
				CLANG_WARN_UNREACHABLE_CODE = YES;
				CLANG_WARN__DUPLICATE_METHOD_MATCH = YES;
				COPY_PHASE_STRIP = NO;
				DEBUG_INFORMATION_FORMAT = dwarf;
				ENABLE_STRICT_OBJC_MSGSEND = YES;
				ENABLE_TESTABILITY = YES;
				ENABLE_USER_SCRIPT_SANDBOXING = YES;
				GCC_C_LANGUAGE_STANDARD = gnu17;
				GCC_DYNAMIC_NO_PIC = NO;
				GCC_NO_COMMON_BLOCKS = YES;
				GCC_OPTIMIZATION_LEVEL = 0;
				GCC_PREPROCESSOR_DEFINITIONS = (
					"DEBUG=1",
					"$(inherited)",
				);
				GCC_WARN_64_TO_32_BIT_CONVERSION = YES;
				GCC_WARN_ABOUT_RETURN_TYPE = YES_ERROR;
				GCC_WARN_UNDECLARED_SELECTOR = YES;
				GCC_WARN_UNINITIALIZED_AUTOS = YES_AGGRESSIVE;
				GCC_WARN_UNUSED_FUNCTION = YES;
				GCC_WARN_UNUSED_VARIABLE = YES;
				IPHONEOS_DEPLOYMENT_TARGET = 17.2;
				LOCALIZATION_PREFERS_STRING_CATALOGS = YES;
				MTL_ENABLE_DEBUG_INFO = INCLUDE_SOURCE;
				MTL_FAST_MATH = YES;
				ONLY_ACTIVE_ARCH = YES;
				SDKROOT = iphoneos;
				SWIFT_ACTIVE_COMPILATION_CONDITIONS = "DEBUG $(inherited)";
				SWIFT_OPTIMIZATION_LEVEL = "-Onone";
			};
			name = Debug;
		};
		B79B50C72CECC39400876EB5 /* Release */ = {
			isa = XCBuildConfiguration;
			buildSettings = {
				ALWAYS_SEARCH_USER_PATHS = NO;
				ASSETCATALOG_COMPILER_GENERATE_SWIFT_ASSET_SYMBOL_EXTENSIONS = YES;
				CLANG_ANALYZER_NONNULL = YES;
				CLANG_ANALYZER_NUMBER_OBJECT_CONVERSION = YES_AGGRESSIVE;
				CLANG_CXX_LANGUAGE_STANDARD = "gnu++20";
				CLANG_ENABLE_MODULES = YES;
				CLANG_ENABLE_OBJC_ARC = YES;
				CLANG_ENABLE_OBJC_WEAK = YES;
				CLANG_WARN_BLOCK_CAPTURE_AUTORELEASING = YES;
				CLANG_WARN_BOOL_CONVERSION = YES;
				CLANG_WARN_COMMA = YES;
				CLANG_WARN_CONSTANT_CONVERSION = YES;
				CLANG_WARN_DEPRECATED_OBJC_IMPLEMENTATIONS = YES;
				CLANG_WARN_DIRECT_OBJC_ISA_USAGE = YES_ERROR;
				CLANG_WARN_DOCUMENTATION_COMMENTS = YES;
				CLANG_WARN_EMPTY_BODY = YES;
				CLANG_WARN_ENUM_CONVERSION = YES;
				CLANG_WARN_INFINITE_RECURSION = YES;
				CLANG_WARN_INT_CONVERSION = YES;
				CLANG_WARN_NON_LITERAL_NULL_CONVERSION = YES;
				CLANG_WARN_OBJC_IMPLICIT_RETAIN_SELF = YES;
				CLANG_WARN_OBJC_LITERAL_CONVERSION = YES;
				CLANG_WARN_OBJC_ROOT_CLASS = YES_ERROR;
				CLANG_WARN_QUOTED_INCLUDE_IN_FRAMEWORK_HEADER = YES;
				CLANG_WARN_RANGE_LOOP_ANALYSIS = YES;
				CLANG_WARN_STRICT_PROTOTYPES = YES;
				CLANG_WARN_SUSPICIOUS_MOVE = YES;
				CLANG_WARN_UNGUARDED_AVAILABILITY = YES_AGGRESSIVE;
				CLANG_WARN_UNREACHABLE_CODE = YES;
				CLANG_WARN__DUPLICATE_METHOD_MATCH = YES;
				COPY_PHASE_STRIP = NO;
				DEBUG_INFORMATION_FORMAT = "dwarf-with-dsym";
				ENABLE_NS_ASSERTIONS = NO;
				ENABLE_STRICT_OBJC_MSGSEND = YES;
				ENABLE_USER_SCRIPT_SANDBOXING = YES;
				GCC_C_LANGUAGE_STANDARD = gnu17;
				GCC_NO_COMMON_BLOCKS = YES;
				GCC_WARN_64_TO_32_BIT_CONVERSION = YES;
				GCC_WARN_ABOUT_RETURN_TYPE = YES_ERROR;
				GCC_WARN_UNDECLARED_SELECTOR = YES;
				GCC_WARN_UNINITIALIZED_AUTOS = YES_AGGRESSIVE;
				GCC_WARN_UNUSED_FUNCTION = YES;
				GCC_WARN_UNUSED_VARIABLE = YES;
				IPHONEOS_DEPLOYMENT_TARGET = 17.2;
				LOCALIZATION_PREFERS_STRING_CATALOGS = YES;
				MTL_ENABLE_DEBUG_INFO = NO;
				MTL_FAST_MATH = YES;
				SDKROOT = iphoneos;
				SWIFT_COMPILATION_MODE = wholemodule;
				VALIDATE_PRODUCT = YES;
			};
			name = Release;
		};
		B79B50C92CECC39400876EB5 /* Debug */ = {
			isa = XCBuildConfiguration;
			buildSettings = {
				ASSETCATALOG_COMPILER_APPICON_NAME = AppIcon;
				ASSETCATALOG_COMPILER_GLOBAL_ACCENT_COLOR_NAME = AccentColor;
				CODE_SIGN_STYLE = Automatic;
				CURRENT_PROJECT_VERSION = 1;
				DEVELOPMENT_ASSET_PATHS = "\"MealsApp/Preview Content\"";
				ENABLE_PREVIEWS = YES;
				GENERATE_INFOPLIST_FILE = YES;
				INFOPLIST_KEY_UIApplicationSceneManifest_Generation = YES;
				INFOPLIST_KEY_UIApplicationSupportsIndirectInputEvents = YES;
				INFOPLIST_KEY_UILaunchScreen_Generation = YES;
				INFOPLIST_KEY_UISupportedInterfaceOrientations_iPad = "UIInterfaceOrientationPortrait UIInterfaceOrientationPortraitUpsideDown UIInterfaceOrientationLandscapeLeft UIInterfaceOrientationLandscapeRight";
				INFOPLIST_KEY_UISupportedInterfaceOrientations_iPhone = "UIInterfaceOrientationPortrait UIInterfaceOrientationLandscapeLeft UIInterfaceOrientationLandscapeRight";
				LD_RUNPATH_SEARCH_PATHS = (
					"$(inherited)",
					"@executable_path/Frameworks",
				);
				MARKETING_VERSION = 1.0;
				PRODUCT_BUNDLE_IDENTIFIER = com.cibertec.MealsApp;
				PRODUCT_NAME = "$(TARGET_NAME)";
				SWIFT_EMIT_LOC_STRINGS = YES;
				SWIFT_VERSION = 5.0;
				TARGETED_DEVICE_FAMILY = "1,2";
			};
			name = Debug;
		};
		B79B50CA2CECC39400876EB5 /* Release */ = {
			isa = XCBuildConfiguration;
			buildSettings = {
				ASSETCATALOG_COMPILER_APPICON_NAME = AppIcon;
				ASSETCATALOG_COMPILER_GLOBAL_ACCENT_COLOR_NAME = AccentColor;
				CODE_SIGN_STYLE = Automatic;
				CURRENT_PROJECT_VERSION = 1;
				DEVELOPMENT_ASSET_PATHS = "\"MealsApp/Preview Content\"";
				ENABLE_PREVIEWS = YES;
				GENERATE_INFOPLIST_FILE = YES;
				INFOPLIST_KEY_UIApplicationSceneManifest_Generation = YES;
				INFOPLIST_KEY_UIApplicationSupportsIndirectInputEvents = YES;
				INFOPLIST_KEY_UILaunchScreen_Generation = YES;
				INFOPLIST_KEY_UISupportedInterfaceOrientations_iPad = "UIInterfaceOrientationPortrait UIInterfaceOrientationPortraitUpsideDown UIInterfaceOrientationLandscapeLeft UIInterfaceOrientationLandscapeRight";
				INFOPLIST_KEY_UISupportedInterfaceOrientations_iPhone = "UIInterfaceOrientationPortrait UIInterfaceOrientationLandscapeLeft UIInterfaceOrientationLandscapeRight";
				LD_RUNPATH_SEARCH_PATHS = (
					"$(inherited)",
					"@executable_path/Frameworks",
				);
				MARKETING_VERSION = 1.0;
				PRODUCT_BUNDLE_IDENTIFIER = com.cibertec.MealsApp;
				PRODUCT_NAME = "$(TARGET_NAME)";
				SWIFT_EMIT_LOC_STRINGS = YES;
				SWIFT_VERSION = 5.0;
				TARGETED_DEVICE_FAMILY = "1,2";
			};
			name = Release;
		};
/* End XCBuildConfiguration section */

/* Begin XCConfigurationList section */
		B79B50B52CECC39300876EB5 /* Build configuration list for PBXProject "MealsApp" */ = {
			isa = XCConfigurationList;
			buildConfigurations = (
				B79B50C62CECC39400876EB5 /* Debug */,
				B79B50C72CECC39400876EB5 /* Release */,
			);
			defaultConfigurationIsVisible = 0;
			defaultConfigurationName = Release;
		};
		B79B50C82CECC39400876EB5 /* Build configuration list for PBXNativeTarget "MealsApp" */ = {
			isa = XCConfigurationList;
			buildConfigurations = (
				B79B50C92CECC39400876EB5 /* Debug */,
				B79B50CA2CECC39400876EB5 /* Release */,
			);
			defaultConfigurationIsVisible = 0;
			defaultConfigurationName = Release;
		};
/* End XCConfigurationList section */

/* Begin XCRemoteSwiftPackageReference section */
		B79486002CFB4F640085C202 /* XCRemoteSwiftPackageReference "firebase-ios-sdk" */ = {
			isa = XCRemoteSwiftPackageReference;
			repositoryURL = "https://github.com/firebase/firebase-ios-sdk.git";
			requirement = {
				kind = upToNextMajorVersion;
				minimumVersion = 11.5.0;
			};
		};
/* End XCRemoteSwiftPackageReference section */

/* Begin XCSwiftPackageProductDependency section */
		B79486012CFB4F640085C202 /* FirebaseAnalytics */ = {
			isa = XCSwiftPackageProductDependency;
			package = B79486002CFB4F640085C202 /* XCRemoteSwiftPackageReference "firebase-ios-sdk" */;
			productName = FirebaseAnalytics;
		};
		B79486032CFB4F640085C202 /* FirebaseAnalyticsOnDeviceConversion */ = {
			isa = XCSwiftPackageProductDependency;
			package = B79486002CFB4F640085C202 /* XCRemoteSwiftPackageReference "firebase-ios-sdk" */;
			productName = FirebaseAnalyticsOnDeviceConversion;
		};
		B79486052CFB4F640085C202 /* FirebaseAnalyticsWithoutAdIdSupport */ = {
			isa = XCSwiftPackageProductDependency;
			package = B79486002CFB4F640085C202 /* XCRemoteSwiftPackageReference "firebase-ios-sdk" */;
			productName = FirebaseAnalyticsWithoutAdIdSupport;
		};
		B79486072CFB4F640085C202 /* FirebaseAppCheck */ = {
			isa = XCSwiftPackageProductDependency;
			package = B79486002CFB4F640085C202 /* XCRemoteSwiftPackageReference "firebase-ios-sdk" */;
			productName = FirebaseAppCheck;
		};
		B79486092CFB4F640085C202 /* FirebaseAppDistribution-Beta */ = {
			isa = XCSwiftPackageProductDependency;
			package = B79486002CFB4F640085C202 /* XCRemoteSwiftPackageReference "firebase-ios-sdk" */;
			productName = "FirebaseAppDistribution-Beta";
		};
		B79486112CFB55810085C202 /* FirebaseAnalytics */ = {
			isa = XCSwiftPackageProductDependency;
			package = B79486002CFB4F640085C202 /* XCRemoteSwiftPackageReference "firebase-ios-sdk" */;
			productName = FirebaseAnalytics;
		};
		B79486132CFB55810085C202 /* FirebaseAnalyticsOnDeviceConversion */ = {
			isa = XCSwiftPackageProductDependency;
			package = B79486002CFB4F640085C202 /* XCRemoteSwiftPackageReference "firebase-ios-sdk" */;
			productName = FirebaseAnalyticsOnDeviceConversion;
		};
		B79486152CFB55810085C202 /* FirebaseAnalyticsWithoutAdIdSupport */ = {
			isa = XCSwiftPackageProductDependency;
			package = B79486002CFB4F640085C202 /* XCRemoteSwiftPackageReference "firebase-ios-sdk" */;
			productName = FirebaseAnalyticsWithoutAdIdSupport;
		};
		B79486172CFB55810085C202 /* FirebaseAppCheck */ = {
			isa = XCSwiftPackageProductDependency;
			package = B79486002CFB4F640085C202 /* XCRemoteSwiftPackageReference "firebase-ios-sdk" */;
			productName = FirebaseAppCheck;
		};
		B79486192CFB55810085C202 /* FirebaseAppDistribution-Beta */ = {
			isa = XCSwiftPackageProductDependency;
			package = B79486002CFB4F640085C202 /* XCRemoteSwiftPackageReference "firebase-ios-sdk" */;
			productName = "FirebaseAppDistribution-Beta";
		};
		B794861B2CFB55810085C202 /* FirebaseAuth */ = {
			isa = XCSwiftPackageProductDependency;
			package = B79486002CFB4F640085C202 /* XCRemoteSwiftPackageReference "firebase-ios-sdk" */;
			productName = FirebaseAuth;
		};
		B794861D2CFB55810085C202 /* FirebaseAuthCombine-Community */ = {
			isa = XCSwiftPackageProductDependency;
			package = B79486002CFB4F640085C202 /* XCRemoteSwiftPackageReference "firebase-ios-sdk" */;
			productName = "FirebaseAuthCombine-Community";
		};
		B794861F2CFB55810085C202 /* FirebaseCore */ = {
			isa = XCSwiftPackageProductDependency;
			package = B79486002CFB4F640085C202 /* XCRemoteSwiftPackageReference "firebase-ios-sdk" */;
			productName = FirebaseCore;
		};
/* End XCSwiftPackageProductDependency section */
	};
	rootObject = B79B50B22CECC39300876EB5 /* Project object */;
}
